
Microsoft Visual Studio Solution File, Format Version 11.00
# Visual Studio 2010
Project("{FAE04EC0-301F-11D3-BF4B-00C04F79EFBC}") = "Core", "srcs\Core\Core.csproj", "{6BFBD46F-98F0-44C7-BB0C-9D91AE737946}"
EndProject
Project("{FAE04EC0-301F-11D3-BF4B-00C04F79EFBC}") = "CoreTests", "tests\CoreTests\CoreTests.csproj", "{8C543460-9810-4733-883A-8248A947EB47}"
EndProject
Project("{FAE04EC0-301F-11D3-BF4B-00C04F79EFBC}") = "tmp_scilab_bin", "tmp_scilab_bin\tmp_scilab_bin.csproj", "{8513E00B-A085-4B5C-955C-6F814718F2C7}"
EndProject
Global
	GlobalSection(SolutionConfigurationPlatforms) = preSolution
		Debug|Any CPU = Debug|Any CPU
		Release|Any CPU = Release|Any CPU
	EndGlobalSection
	GlobalSection(ProjectConfigurationPlatforms) = postSolution
		{6BFBD46F-98F0-44C7-BB0C-9D91AE737946}.Debug|Any CPU.ActiveCfg = Debug|Any CPU
		{6BFBD46F-98F0-44C7-BB0C-9D91AE737946}.Debug|Any CPU.Build.0 = Debug|Any CPU
		{6BFBD46F-98F0-44C7-BB0C-9D91AE737946}.Release|Any CPU.ActiveCfg = Release|Any CPU
		{6BFBD46F-98F0-44C7-BB0C-9D91AE737946}.Release|Any CPU.Build.0 = Release|Any CPU
		{8C543460-9810-4733-883A-8248A947EB47}.Debug|Any CPU.ActiveCfg = Debug|Any CPU
		{8C543460-9810-4733-883A-8248A947EB47}.Debug|Any CPU.Build.0 = Debug|Any CPU
		{8C543460-9810-4733-883A-8248A947EB47}.Release|Any CPU.ActiveCfg = Release|Any CPU
		{8C543460-9810-4733-883A-8248A947EB47}.Release|Any CPU.Build.0 = Release|Any CPU
		{8513E00B-A085-4B5C-955C-6F814718F2C7}.Debug|Any CPU.ActiveCfg = Debug|Any CPU
		{8513E00B-A085-4B5C-955C-6F814718F2C7}.Debug|Any CPU.Build.0 = Debug|Any CPU
		{8513E00B-A085-4B5C-955C-6F814718F2C7}.Release|Any CPU.ActiveCfg = Release|Any CPU
		{8513E00B-A085-4B5C-955C-6F814718F2C7}.Release|Any CPU.Build.0 = Release|Any CPU
	EndGlobalSection
	GlobalSection(SolutionProperties) = preSolution
		HideSolutionNode = FALSE
	EndGlobalSection
EndGlobal
